version = 1
revision = 3
requires-python = ">=3.10"
resolution-markers = [
    "python_full_version >= '3.11'",
    "python_full_version < '3.11'",
]

[[package]]
name = "cryptg"
version = "0.5.2"
source = { registry = "https://pypi.org/simple" }
resolution-markers = [
    "python_full_version < '3.11'",
]
sdist = { url = "https://files.pythonhosted.org/packages/41/e0/d1b637d638513191793971b985151b48ac656d5fcce79771f1e5541a7acf/cryptg-0.5.2.tar.gz", hash = "sha256:d1577e219d040695f34ae7c2636c9ed769fe623813009e27dbc735beed69bd16", size = 13347, upload-time = "2025-10-12T08:39:51.185Z" }
wheels = [
    { url = "https://files.pythonhosted.org/packages/bf/c6/7752a958e7fe98fab72f5c0859e95cb8d84c986f47558c23a20c64c74913/cryptg-0.5.2-cp310-cp310-macosx_11_0_arm64.whl", hash = "sha256:bbabe74b321415d5dbea58a30ef96ba53a196de57dd48c876266e0304ddaeb5d", size = 213724, upload-time = "2025-10-12T08:56:53.325Z" },
    { url = "https://files.pythonhosted.org/packages/4c/38/e40268c87f2ed6eb38983508d5657cdce18d8a35b173986c7e98cf33b750/cryptg-0.5.2-cp310-cp310-manylinux_2_28_aarch64.whl", hash = "sha256:928264608c721032d407541fb2e6119a6e5b5d87d8ee244de5a68263301fcad7", size = 243529, upload-time = "2025-10-12T08:56:54.897Z" },
    { url = "https://files.pythonhosted.org/packages/61/18/780ecaeb290c34122d0c98f5a0089ad2163e323689d0c0ca88d1c1789599/cryptg-0.5.2-cp310-cp310-manylinux_2_28_x86_64.whl", hash = "sha256:f05d56fe5aef63e3fcfc76714d41fb2b2378730551a455dd615d0fdd49fd9037", size = 255276, upload-time = "2025-10-12T08:56:55.965Z" },
    { url = "https://files.pythonhosted.org/packages/f1/4a/835d3e816a3187932bffc595c339ccea15c1063f7e8f27b65bbcaf2819d3/cryptg-0.5.2-cp310-cp310-win32.whl", hash = "sha256:c6806680964cad8723d110228fcf1cbdb40eebfbd19e91e4f55ebf48ce95a223", size = 112783, upload-time = "2025-10-12T08:56:57.281Z" },
    { url = "https://files.pythonhosted.org/packages/3a/20/eb3deb01237ba751b6c2c117c2ee4be0596ccd87d5dfbff4305b88df7783/cryptg-0.5.2-cp310-cp310-win_amd64.whl", hash = "sha256:195a9f5f1a834ad8ac9989dcf95563f37e0332d734c64b4150e99cdb71f0bb53", size = 113641, upload-time = "2025-10-12T08:56:58.435Z" },
    { url = "https://files.pythonhosted.org/packages/ea/88/050a378998d9f14b88955d5e3119b0d5822830e42376ff69023c12a4108e/cryptg-0.5.2-cp311-cp311-macosx_11_0_arm64.whl", hash = "sha256:40e6002f3dd522711b33fd8ace2424f295dd557251d255c6f0ab1cd7a6f8c662", size = 213527, upload-time = "2025-10-12T08:56:59.6Z" },
    { url = "https://files.pythonhosted.org/packages/b1/82/c977ae8906bed76b068e25ba70fecb7f8f79ba43be13a290a55ee527ee19/cryptg-0.5.2-cp311-cp311-manylinux_2_28_aarch64.whl", hash = "sha256:ef778055445d451b4467cda4252a23cb659666012b97c43cce25d08b55f8fb4a", size = 243025, upload-time = "2025-10-12T08:57:00.71Z" },
    { url = "https://files.pythonhosted.org/packages/21/4e/fdd0ca11105c02dc7879f6df6e7b0f7ce7e85a262938d3f9657d450ba102/cryptg-0.5.2-cp311-cp311-manylinux_2_28_x86_64.whl", hash = "sha256:682b19897ebef8a910fdfe5fc379689334fdc197cb17bb13763f27153c856cb2", size = 255120, upload-time = "2025-10-12T08:57:02.016Z" },
    { url = "https://files.pythonhosted.org/packages/02/04/f4834326b0aaff222a35f4b138fed51d5619627c2bd02c94a08f7ab6df21/cryptg-0.5.2-cp311-cp311-win32.whl", hash = "sha256:e83a0c9f141af8fe426c9967cec802ab01e207edb6aeb3fb8f0d94f9fbb76b92", size = 112529, upload-time = "2025-10-12T08:57:03.349Z" },
    { url = "https://files.pythonhosted.org/packages/22/de/edf6d5bcee436b5e3c764f25486c646fe47f5e18cdc0fad37bc6b4d96ab5/cryptg-0.5.2-cp311-cp311-win_amd64.whl", hash = "sha256:b677d8e3be717c740a05eaf042e92e6f3e0f07dd3383bc4b1878b71cf4048d84", size = 113574, upload-time = "2025-10-12T08:57:04.773Z" },
    { url = "https://files.pythonhosted.org/packages/81/ea/4752cbd74369a27662960d9476918e549590ad91b68e911fffd106695dc7/cryptg-0.5.2-cp312-cp312-macosx_11_0_arm64.whl", hash = "sha256:eb28fcde47e02421926dbb83dbb0793d21d783125b95bda68414e46c76b1c9e1", size = 211666, upload-time = "2025-10-12T08:57:05.671Z" },
    { url = "https://files.pythonhosted.org/packages/b1/ad/4873a1ecd602aed7618bcf2dce4099834c73423b4793bbe815b942ab67d2/cryptg-0.5.2-cp312-cp312-manylinux_2_28_aarch64.whl", hash = "sha256:5f51de5fa87cca9c3b2c019eae0ba7f4a27fd0ac23a6b52970e14ab6e590c11f", size = 243573, upload-time = "2025-10-12T08:57:07.062Z" },
    { url = "https://files.pythonhosted.org/packages/34/2e/50fda8d43646db4be92071979722600440f852e70eda67379a55b686a376/cryptg-0.5.2-cp312-cp312-manylinux_2_28_x86_64.whl", hash = "sha256:207c6c717c5e2d544f11523ce8c56982e40fbfc4b3a6eebf70e3e7b37c2be14e", size = 255038, upload-time = "2025-10-12T08:57:08.336Z" },
    { url = "https://files.pythonhosted.org/packages/1e/bf/e7fcb0887a8ec340b2f28a54dd2105b271e7574ae99eb1222bb8cb85cebc/cryptg-0.5.2-cp312-cp312-win32.whl", hash = "sha256:3c0c1edd348bbbebc5a6fd553cdeb861d85016c73dd5dfc368a0bee343a6fb25", size = 113108, upload-time = "2025-10-12T08:57:09.387Z" },
    { url = "https://files.pythonhosted.org/packages/02/a7/54c2a6f3559708a04023f31407628d6db3e2482b059b226dc3f4c41ffbe1/cryptg-0.5.2-cp312-cp312-win_amd64.whl", hash = "sha256:c9b6ae5d30c3c164ac44b6b212887ed7d56f55e2fb207c7f93332ef2624fd936", size = 113710, upload-time = "2025-10-12T08:57:10.284Z" },
    { url = "https://files.pythonhosted.org/packages/a3/94/194f349abbef5c8b9d4a940a24e0063e75341a4b649222d6f18c8e6be2e6/cryptg-0.5.2-cp313-cp313-macosx_11_0_arm64.whl", hash = "sha256:78256ecd112b16e2f2bd7b74bfce9b79068cb2304f3a7e847a2440908f780c36", size = 211720, upload-time = "2025-10-12T08:57:11.533Z" },
    { url = "https://files.pythonhosted.org/packages/4b/19/9fb12ec6f5f257c318a181f3127615c52ac03274a70a1078fd2ceb180742/cryptg-0.5.2-cp313-cp313-manylinux_2_28_aarch64.whl", hash = "sha256:62cc487da7f842362619a839cf13e27cc7f59b4870f3dcbb58c3dd71649322e9", size = 243713, upload-time = "2025-10-12T08:57:12.481Z" },
    { url = "https://files.pythonhosted.org/packages/aa/28/1d55ecf9b058dc9376758aa71df83715bc6fe84eb6cf85a0af1c50345016/cryptg-0.5.2-cp313-cp313-manylinux_2_28_x86_64.whl", hash = "sha256:1797c006ac9d4ddd08f141fc6718e16040eabca8defb6bdf7ded5946359aa375", size = 255031, upload-time = "2025-10-12T08:57:13.779Z" },
    { url = "https://files.pythonhosted.org/packages/3c/e9/57698ae2af522ac86d1af5b0788ceab07c92313201dea082eb1b6f6abb54/cryptg-0.5.2-cp313-cp313-win32.whl", hash = "sha256:8c0e9a58c8db6795e674130bbc0c055a0eff887075707e6b6285f6f52581442b", size = 113165, upload-time = "2025-10-12T08:57:14.683Z" },
    { url = "https://files.pythonhosted.org/packages/1c/3c/276e1034a93160a8908a61043b74fef028b8275f9b0cccb0353e48729e1d/cryptg-0.5.2-cp313-cp313-win_amd64.whl", hash = "sha256:5dc1e0c39a243710773b834dc8880182bba6a0ff8da4ba7cd2a53c67e70dfa4e", size = 114024, upload-time = "2025-10-12T08:57:15.545Z" },
    { url = "https://files.pythonhosted.org/packages/80/7e/b8d7d30484c48fbb7b8d6262052b7bb05fd40b6dd14e044af3624fe2d2f2/cryptg-0.5.2-cp314-cp314-macosx_11_0_arm64.whl", hash = "sha256:b57ca6c19dbd59eb2dd72d3ca289621b8f06db1073704dc9ac6fba2fbad7b782", size = 211427, upload-time = "2025-10-12T08:57:16.764Z" },
    { url = "https://files.pythonhosted.org/packages/86/e8/e30eee6f18d5a2f916f4c18d2625dc305df1d9ca08195fa629c46cba1b53/cryptg-0.5.2-cp314-cp314-manylinux_2_28_aarch64.whl", hash = "sha256:a4475a567bf728b85a5c0399f487ec1e683bfb4a5dad9c3f4e771be1caa712fb", size = 243269, upload-time = "2025-10-12T08:57:17.823Z" },
    { url = "https://files.pythonhosted.org/packages/97/6c/cb0332af4c790f8912abffe5559fc4ffbf71a4471310b8f979cb4eb6429d/cryptg-0.5.2-cp314-cp314-manylinux_2_28_x86_64.whl", hash = "sha256:bffb88636f2d00f8773bb6ae5d90e9963ce2e4dc49d4d108e813ed75ad2fb4c0", size = 254464, upload-time = "2025-10-12T08:57:19.164Z" },
    { url = "https://files.pythonhosted.org/packages/71/87/a95fc0c1d4f7ccb5c2069b7b54f72d1471042d7922008a0d50b99db84951/cryptg-0.5.2-cp314-cp314-win32.whl", hash = "sha256:721dfb2cd109a89e28d9bb3da892c56b16983cc59cf9b2268bacf94bd4d5abf3", size = 116303, upload-time = "2025-10-12T08:57:20.13Z" },
    { url = "https://files.pythonhosted.org/packages/71/83/0eb334c3fb563d74a061ee49a568f2cd392f4e0e83c35b67d8fd3111d1ef/cryptg-0.5.2-cp314-cp314-win_amd64.whl", hash = "sha256:9269ad512124dd4a41824ab5dcc0a8e6697f8aa8f5fcd71fb34f8a4eebd5ec67", size = 116433, upload-time = "2025-10-12T08:57:20.966Z" },
    { url = "https://files.pythonhosted.org/packages/ff/f6/d49eecfbf76150fadfea6b778f396b22b3d779262697cdd94ade7701943a/cryptg-0.5.2-cp314-cp314t-macosx_11_0_arm64.whl", hash = "sha256:cc0e519e31b61633305ffd34803da3ea5c3414221a838ae85b487bcdee71a388", size = 211163, upload-time = "2025-10-12T08:57:21.838Z" },
    { url = "https://files.pythonhosted.org/packages/1c/ae/251f130b1bd2a54b2345b24a72ec6b69b3798c6bc55e880292f83db78928/cryptg-0.5.2-cp314-cp314t-manylinux_2_28_aarch64.whl", hash = "sha256:b67ce4d22532454aceac6c5afc30ba2cefb4b95fcfe74eea9affdb697fe59cc1", size = 243212, upload-time = "2025-10-12T08:57:22.814Z" },
    { url = "https://files.pythonhosted.org/packages/a5/1f/8bdda38d198cb8d459909599702361eb49db95c1a182be1b52b08db569cb/cryptg-0.5.2-cp314-cp314t-manylinux_2_28_x86_64.whl", hash = "sha256:4e2273d41eb8d3be60e190f0ae30c1492db41b6a49d4d3e769f9ba24da4402f5", size = 254612, upload-time = "2025-10-12T08:57:23.792Z" },
    { url = "https://files.pythonhosted.org/packages/8b/dd/70a10daab5d276a5f1fe5fe500446cff247e2082b971ae07d240a418d1a8/cryptg-0.5.2-cp314-cp314t-win32.whl", hash = "sha256:427ee363344a71882a3ba853c179b1d7d1ed0991e4fa8cf09e6f7418eda86237", size = 115715, upload-time = "2025-10-12T08:57:24.869Z" },
    { url = "https://files.pythonhosted.org/packages/41/48/f691dc55e4001482120886a84f6db0161c7b1d9e96343203f93d5ec530ca/cryptg-0.5.2-cp314-cp314t-win_amd64.whl", hash = "sha256:ce37d3634b56f5cacc8419f1f907589fee89bd8e2a37aa208a2f0eed32773da3", size = 116271, upload-time = "2025-10-12T08:57:26.048Z" },
    { url = "https://files.pythonhosted.org/packages/bb/3f/1e3881853448cd32c5f94987603cfaac270713d1d749eea1a78d6eece4c1/cryptg-0.5.2-pp310-pypy310_pp73-macosx_11_0_arm64.whl", hash = "sha256:fdbeea1fb061b5a7bc273f6c6ed40cd7b7a05600305d4a8f7002c29b2555c95c", size = 215198, upload-time = "2025-10-12T08:57:39.044Z" },
    { url = "https://files.pythonhosted.org/packages/59/03/5d5d64a3f74595d8258b52ac934041a1dc24a046c9e9d7d8dff3b3938601/cryptg-0.5.2-pp310-pypy310_pp73-manylinux_2_28_aarch64.whl", hash = "sha256:08b15f841691fc71735aeace24107c0975c3a0e8806e65762492c961013d6e5d", size = 244530, upload-time = "2025-10-12T08:57:40.224Z" },
    { url = "https://files.pythonhosted.org/packages/94/16/f06e91ebd2023271f8fa272ec0e80d32085640b071cc4107a70feb51344e/cryptg-0.5.2-pp310-pypy310_pp73-manylinux_2_28_x86_64.whl", hash = "sha256:ee0d1c5371c34f31ec1bf0fba3c86257b5f19cf8e1411138ebc771e21509bd6a", size = 255904, upload-time = "2025-10-12T08:57:41.272Z" },
    { url = "https://files.pythonhosted.org/packages/44/41/133bbb63e58669f60349429782c67f309520a01f373326c87adc981a52c5/cryptg-0.5.2-pp310-pypy310_pp73-win_amd64.whl", hash = "sha256:11d3b512db21905d8b26bc1493ee45bbc73e3dd285cbb412539c05e256cd46aa", size = 114494, upload-time = "2025-10-12T08:57:42.266Z" },
    { url = "https://files.pythonhosted.org/packages/2e/64/0526cc46968630cd2e4f6637c83431a47296bb2c2d80cda0fcf779b365d5/cryptg-0.5.2-pp311-pypy311_pp73-macosx_11_0_arm64.whl", hash = "sha256:7da6a02027684c1c56d8e3a13a2341ec2fc67792036ed356dcc54bd08fdee485", size = 214875, upload-time = "2025-10-12T08:57:43.152Z" },
    { url = "https://files.pythonhosted.org/packages/58/e9/62042808e99bbb09896c57e047a317851595ac0c45d79ceed8a98254ac72/cryptg-0.5.2-pp311-pypy311_pp73-manylinux_2_28_aarch64.whl", hash = "sha256:973e67117296bf0ad4dc21607fd699d9da3b95d66f6f39d981b522523e778f3f", size = 244198, upload-time = "2025-10-12T08:57:44.139Z" },
    { url = "https://files.pythonhosted.org/packages/1f/05/80feec5026430371208e0d53ca642b4706a59678590319890bbddb6dfe5a/cryptg-0.5.2-pp311-pypy311_pp73-manylinux_2_28_x86_64.whl", hash = "sha256:74a6416ebff5af10f0d837c2790a55086efe3ae5115c0da50948d0c95f144c03", size = 255576, upload-time = "2025-10-12T08:57:45.094Z" },
    { url = "https://files.pythonhosted.org/packages/0e/d9/35f820588f581e5fbd5392abd299c08effde9184ed4b766d67b06e67f780/cryptg-0.5.2-pp311-pypy311_pp73-win_amd64.whl", hash = "sha256:bd2ea1261454ac415e4127a5bf3f4795bd404c9f1041bf98cf02a7e23ff253b7", size = 114253, upload-time = "2025-10-12T08:57:46.376Z" },
]

[[package]]
name = "cryptg"
version = "0.6.0"
source = { registry = "https://pypi.org/simple" }
resolution-markers = [
    "python_full_version >= '3.11'",
]
sdist = { url = "https://files.pythonhosted.org/packages/9a/cc/3cc53619c07ab1def2f0ce7a958c10528c947e973821234714cfc61d7dd7/cryptg-0.6.0.tar.gz", hash = "sha256:f8fd59fea56398ab812f218c044b42fbbaeee8a9ae32771d3108a3cf210781aa", size = 15019, upload-time = "2026-04-12T13:31:09.978Z" }
wheels = [
    { url = "https://files.pythonhosted.org/packages/91/51/2bcbdc26217fa347d8a9ff925c1ac430aa3c05717d1bcd1cfcf40f68ef88/cryptg-0.6.0-cp310-cp310-macosx_11_0_arm64.whl", hash = "sha256:f532bca1ac36bde607907a82b25a901934089bf76f62ea62b6131fdbeb01633a", size = 209713, upload-time = "2026-04-12T18:33:46.85Z" },
    { url = "https://files.pythonhosted.org/packages/c8/75/d054cf531d7ae4f8ee3095042ed51fd181d51bea797759298f81fdbf11f8/cryptg-0.6.0-cp310-cp310-manylinux_2_28_aarch64.whl", hash = "sha256:5f3340f7ddd526678538d1fb427b4be033162fedd346c367dc842e0e7a4073b1", size = 239633, upload-time = "2026-04-12T18:35:09.683Z" },
    { url = "https://files.pythonhosted.org/packages/e0/39/946af02cf0dd26e2832219a6805ef27c5b41dd798f99542bb8abf5330337/cryptg-0.6.0-cp310-cp310-manylinux_2_28_x86_64.whl", hash = "sha256:b9f9ce244830d8fdd7013d1bbbfab03a7cd48a5adad9a60c925de01eb020c56f", size = 252829, upload-time = "2026-04-12T18:35:28.964Z" },
    { url = "https://files.pythonhosted.org/packages/b9/59/60777ef9fd638b0b4bf0e19afe11ec59f73a6a0684d35d02780c1ff0213a/cryptg-0.6.0-cp310-cp310-win32.whl", hash = "sha256:0aba1a2b431f2c47f725ef0f388264100f92c82a39065f9532f7615d56269871", size = 111656, upload-time = "2026-04-12T18:35:48.344Z" },
    { url = "https://files.pythonhosted.org/packages/bf/70/40831c8fbf0d803fc6d76945cee998d546ff3f4f42351dfa4fa787584272/cryptg-0.6.0-cp310-cp310-win_amd64.whl", hash = "sha256:758e34fe2b374a058116aa16a58f9fd929909f3b33947e83ee85d88fd124928b", size = 110435, upload-time = "2026-04-12T18:35:49.889Z" },
    { url = "https://files.pythonhosted.org/packages/14/99/dbc9b3c1674ea8b0fca9e5477e1ca48ca246cdfbecb69b0c1dcf0410d43a/cryptg-0.6.0-cp311-cp311-macosx_11_0_arm64.whl", hash = "sha256:e50c0e61d102fb073cb1feaf7ce1dfcb8909f460f88ac9fd3e4fa161d7e5b45c", size = 209601, upload-time = "2026-04-12T18:33:48.447Z" },
    { url = "https://files.pythonhosted.org/packages/f0/d5/428f725b4242b27f33f159e320f3cca17b5831d5de78ac3b9b6952d1c009/cryptg-0.6.0-cp311-cp311-manylinux_2_28_aarch64.whl", hash = "sha256:3d600a5840eed9a0cb3c6267cc32db489c10365f4c2e87e4d03fe443f30a0607", size = 239711, upload-time = "2026-04-12T18:35:11.397Z" },
    { url = "https://files.pythonhosted.org/packages/2c/1f/bb3988f0b05cfce127dce80a1596f0f365ead5ec8c5062a1af4e29df117a/cryptg-0.6.0-cp311-cp311-manylinux_2_28_x86_64.whl", hash = "sha256:184e29db17e610daf33454313bcc2c0864f682861d04116cdedc0e87071adf93", size = 252674, upload-time = "2026-04-12T18:35:30.992Z" },
    { url = "https://files.pythonhosted.org/packages/d1/be/0edac011fda63309f6dd7bc0e2d10d113222dce8a79d6bcfd6dca7dc383a/cryptg-0.6.0-cp311-cp311-win32.whl", hash = "sha256:3b9c2fd4e59428307ca0b273e755014900ada503d4e98a48366c9d0ca4805f84", size = 111632, upload-time = "2026-04-12T18:35:51.729Z" },
    { url = "https://files.pythonhosted.org/packages/6d/5c/7b7c5e1a19e8d2427f28d9ce20d6394aafff83cc74454ad637309110d0a3/cryptg-0.6.0-cp311-cp311-win_amd64.whl", hash = "sha256:ec462b2237a393859271a030da83dac51de994178748e5c859aa8d8d2b47324b", size = 110516, upload-time = "2026-04-12T18:35:53.415Z" },
    { url = "https://files.pythonhosted.org/packages/ed/e9/8f3937eb234d256c96342ba385a45103b913b88b53cf85858ace01eb58bf/cryptg-0.6.0-cp312-cp312-macosx_11_0_arm64.whl", hash = "sha256:06b58a92792c08e2fff84ef356029136174e3f94a4fd6c1258ab8e2323ac893a", size = 208603, upload-time = "2026-04-12T18:33:50.064Z" },
    { url = "https://files.pythonhosted.org/packages/64/c7/e0f469f3dddee7f20f1f66281c2726ad04b95fbac6c4b424afaa2e7993d0/cryptg-0.6.0-cp312-cp312-manylinux_2_28_aarch64.whl", hash = "sha256:1c113301b337faa077f4bfba3367bd2cc01698753b94618bd79366733eb63ac0", size = 238502, upload-time = "2026-04-12T18:35:13.492Z" },
    { url = "https://files.pythonhosted.org/packages/9d/f0/5b55d1d018a84d0ecf1f0515a61738fb08613b7b9d5a40f562603342ad15/cryptg-0.6.0-cp312-cp312-manylinux_2_28_x86_64.whl", hash = "sha256:aa8efae5e89855fa2a08cf2f80f0d32d1f67539c2baf9c8a6ba741bda33db6a4", size = 250061, upload-time = "2026-04-12T18:35:33.018Z" },
    { url = "https://files.pythonhosted.org/packages/6f/7b/bb10da17c7b44b8c2121a8e12df6073fb269a370ac5e0ef513d3b7ab05f1/cryptg-0.6.0-cp312-cp312-win32.whl", hash = "sha256:8b02cdf0d087b6c749d129da4890cdf370d0c058a516891801a39231c6e54728", size = 110060, upload-time = "2026-04-12T18:35:54.977Z" },
    { url = "https://files.pythonhosted.org/packages/1f/44/6f1a7e57b6e3f8823fe65f78f7e985c3e9d8669bda8579c4bc9ea16fc6a0/cryptg-0.6.0-cp312-cp312-win_amd64.whl", hash = "sha256:812d42d3573b0eeabbb4a709b9cd7514c549f359a3cf2de8667304b37ef30bcb", size = 108960, upload-time = "2026-04-12T18:35:56.862Z" },
    { url = "https://files.pythonhosted.org/packages/c8/77/b56510a48a5c8f3cd38a0a2f3b93a6eee9e1e27ca3b1b8a3ad4a323f8311/cryptg-0.6.0-cp313-cp313-macosx_11_0_arm64.whl", hash = "sha256:0ad5ccdd23d95f857c90e4109a7a8bd21cd998b342d8447d69881125f72b337e", size = 208770, upload-time = "2026-04-12T18:33:51.402Z" },
    { url = "https://files.pythonhosted.org/packages/80/92/2780c8f178396c64e1a8bf350d68e66a08d801cd0ba355e81f8d10e58bee/cryptg-0.6.0-cp313-cp313-manylinux_2_28_aarch64.whl", hash = "sha256:2d5a99c8c3897930974f47bbfe75ab3304606a1d98f66b0d35d9dafdd98e0512", size = 238481, upload-time = "2026-04-12T18:35:15.194Z" },
    { url = "https://files.pythonhosted.org/packages/aa/db/84a3375d757c55f8c0e6d471828560a0f5bd6e8b2ecdf94cee44c1657c3d/cryptg-0.6.0-cp313-cp313-manylinux_2_28_x86_64.whl", hash = "sha256:28497a18178b09f39b3d5faeaa34235ac1762b74017fbeac7bc34724c8efe0a0", size = 250130, upload-time = "2026-04-12T18:35:34.83Z" },
    { url = "https://files.pythonhosted.org/packages/52/1a/28f81903ac4c0a1db0f17b1774e67bcc64733d89188f21c10d3b19aef396/cryptg-0.6.0-cp313-cp313-win32.whl", hash = "sha256:c1bc4edee45eda7dd5963420d578bbf86f0a7e2cbbf0d25d5a812b4293a223f0", size = 110091, upload-time = "2026-04-12T18:36:01.976Z" },
    { url = "https://files.pythonhosted.org/packages/24/c3/742794894911bac8d83971b4a9ce742a0ca3b64d13ee2a64d2bb3cf5f01e/cryptg-0.6.0-cp313-cp313-win_amd64.whl", hash = "sha256:2b11d6ac297a63ba413cb79c97030cfb93763f041fd85755a488e0db13699336", size = 109113, upload-time = "2026-04-12T18:36:03.613Z" },
    { url = "https://files.pythonhosted.org/packages/a9/88/51f40b7991d77fab8d307fbe2b7e28dbef6d499141f953b0ade73faa2ab7/cryptg-0.6.0-cp313-cp313t-macosx_11_0_arm64.whl", hash = "sha256:e726a6a40967d91ad1eaa0f6245cc79035b528c059a22de34aca18bfb61efd2e", size = 208094, upload-time = "2026-04-12T18:33:52.905Z" },
    { url = "https://files.pythonhosted.org/packages/17/71/16f4b747d9be7c363be16717d4c2094d710f09acce15efea39e21aaff9a7/cryptg-0.6.0-cp313-cp313t-manylinux_2_28_aarch64.whl", hash = "sha256:3ccaa95f9ed6e6457b80ca003c99ee035c072dc421636b2482d069fc575ab5ba", size = 236844, upload-time = "2026-04-12T18:35:17.103Z" },
    { url = "https://files.pythonhosted.org/packages/25/ae/8af9ebfa5aaca1da3d2ab8520b886b41194be1019e9cb414c5c4c492afaa/cryptg-0.6.0-cp313-cp313t-manylinux_2_28_x86_64.whl", hash = "sha256:c1931178451aa59da98294973bf6916115572a412514960d8fd8afb7919fb7fd", size = 250346, upload-time = "2026-04-12T18:35:36.593Z" },
    { url = "https://files.pythonhosted.org/packages/d8/d9/0214b6bc2b153abf91359de1a6035e59832e7377152de8749b378e6eebb5/cryptg-0.6.0-cp313-cp313t-win32.whl", hash = "sha256:0c312d2c0cc592cbf7bb08c1374f3ab27bcb01f46739b3ba23a4108f4f48661d", size = 109723, upload-time = "2026-04-12T18:35:58.77Z" },
    { url = "https://files.pythonhosted.org/packages/b0/89/133592fdb0859c639b5e62f5dfa24de4474b2e4e223668210e063592ddc8/cryptg-0.6.0-cp313-cp313t-win_amd64.whl", hash = "sha256:8748fe0ba8cce4268b2f3570f9fc8cd5e7d1730598174e271f525a93d5f64c90", size = 108149, upload-time = "2026-04-12T18:36:00.377Z" },
    { url = "https://files.pythonhosted.org/packages/68/ca/740ba5201f47d50cd24809719ddff38b8a5d950f9921e426a0d2990de084/cryptg-0.6.0-cp314-cp314-macosx_11_0_arm64.whl", hash = "sha256:7eb4e335ac3df00333c202cf98e65edbecd8983c9a639c11d93f1f369ae64e05", size = 208586, upload-time = "2026-04-12T18:33:54.23Z" },
    { url = "https://files.pythonhosted.org/packages/ab/d0/cfc3664d4b8c57f2058278472de7052719d2e37aece5591512d07e14777e/cryptg-0.6.0-cp314-cp314-manylinux_2_28_aarch64.whl", hash = "sha256:28f6ca127a907d00ad075252e8d970bbac55e7f3df0f66a277f52b986fab0a57", size = 238396, upload-time = "2026-04-12T18:35:19.201Z" },
    { url = "https://files.pythonhosted.org/packages/16/59/abc03cb099cec7b5e28866a8401040b40e99c719f3bef49fa7a0b302e09a/cryptg-0.6.0-cp314-cp314-manylinux_2_28_x86_64.whl", hash = "sha256:4127534527ff741026b981359083da660010ddd556eb5e0f22523b9ce0fe80a2", size = 250040, upload-time = "2026-04-12T18:35:38.802Z" },
    { url = "https://files.pythonhosted.org/packages/8a/6e/707de2c52842f093ab05811d002214e284c50f18057160352d7baa4ef1fa/cryptg-0.6.0-cp314-cp314-win32.whl", hash = "sha256:9c823319f6ff00c3c04be00cad78bd6555ccfc832fffc6b709eb983bbe0182b0", size = 112774, upload-time = "2026-04-12T18:36:08.654Z" },
    { url = "https://files.pythonhosted.org/packages/d2/49/6d8c6313789c3649f089a5f277369013072a5f8d96ba93d8c83def9c4a75/cryptg-0.6.0-cp314-cp314-win_amd64.whl", hash = "sha256:0776b0256cd79ff202dd4c187872eb309bbee7ea63b9be722f9063b232b42ecd", size = 112208, upload-time = "2026-04-12T18:36:10.289Z" },
    { url = "https://files.pythonhosted.org/packages/de/31/3df7c7bfa022b8e49fba5bd511226eb8ab02b335832441dc9d5c07a154e7/cryptg-0.6.0-cp314-cp314t-macosx_11_0_arm64.whl", hash = "sha256:877e872b0967f03d008e2cb16a1aa44c8011b2f200bdf14771e6f783228e8bce", size = 207943, upload-time = "2026-04-12T18:33:55.483Z" },
    { url = "https://files.pythonhosted.org/packages/06/81/dea9beefd7317c353484a5736ce3de69ef9c1e84a93ea46cbe47f04a7f18/cryptg-0.6.0-cp314-cp314t-manylinux_2_28_aarch64.whl", hash = "sha256:b8ba3ed799086af279c1efb7bfa72b226dc9427f85034ab0b05ff23bccb97b45", size = 236856, upload-time = "2026-04-12T18:35:21.006Z" },
    { url = "https://files.pythonhosted.org/packages/e9/f1/fcc52170486f35698229b573c0b6bc844f0504745f43fc47fde0cb61888e/cryptg-0.6.0-cp314-cp314t-manylinux_2_28_x86_64.whl", hash = "sha256:ae96b26dfb53968fe4986f70222f2419c82651936f2ef3b2c2dc47bc74e77d96", size = 250297, upload-time = "2026-04-12T18:35:40.577Z" },
    { url = "https://files.pythonhosted.org/packages/c3/d5/5041385f3a55d6eaa8f86c79e9fbb799d09680977619d506e35c09a9a3f9/cryptg-0.6.0-cp314-cp314t-win32.whl", hash = "sha256:e4988fd1657aa86d91bc98d8262b78b141dec8ef51a843f1ef78d69e8a81fdf0", size = 111989, upload-time = "2026-04-12T18:36:05.193Z" },
    { url = "https://files.pythonhosted.org/packages/88/08/86db1d558e836c75724ef893c024d3f087886d1f8b173f2f64164505e256/cryptg-0.6.0-cp314-cp314t-win_amd64.whl", hash = "sha256:43f195810c642c6f6c552d291a216a5b5cb36b06aabe2832873db9dde3e65bb1", size = 111602, upload-time = "2026-04-12T18:36:06.81Z" },
    { url = "https://files.pythonhosted.org/packages/95/80/ff198341b7e65bb435f7ac5ee069e6b5745a0e3cf762f27d8521047961bf/cryptg-0.6.0-pp311-pypy311_pp73-macosx_11_0_arm64.whl", hash = "sha256:4ba6cc78d020be9d78bfb42e383fb08c2c8f6ea098ca2f20f6e945e0faf22158", size = 210512, upload-time = "2026-04-12T18:33:59.728Z" },
    { url = "https://files.pythonhosted.org/packages/5d/2e/f037bd5a94770f0bac4dd0486e416082194ba5399a0434d8ed2377acfd22/cryptg-0.6.0-pp311-pypy311_pp73-manylinux_2_28_aarch64.whl", hash = "sha256:81c60f348987800f41c9c584709f0d04881005672382d3fe0f93f2409a08e17f", size = 240352, upload-time = "2026-04-12T18:35:27.105Z" },
    { url = "https://files.pythonhosted.org/packages/2d/35/07ba2b678358a13dcba99c7c0521d01c3de9c683593bd701ed93b3939d8b/cryptg-0.6.0-pp311-pypy311_pp73-manylinux_2_28_x86_64.whl", hash = "sha256:9f7315515406b58bee7d83bd512222d3e46372b900459a633bb025e04bc6fe8e", size = 253382, upload-time = "2026-04-12T18:35:46.397Z" },
    { url = "https://files.pythonhosted.org/packages/0b/8c/12550ba35f917ca80b14d1e46d9f0c6ead40b058f21087466bb46ab9a637/cryptg-0.6.0-pp311-pypy311_pp73-win_amd64.whl", hash = "sha256:e2b21ea80854922de224c2f2cce1b8b02ac138f2307eff302083cd99e1d08232", size = 110938, upload-time = "2026-04-12T18:36:18.667Z" },
]

[[package]]
name = "progressbar2"
version = "4.5.0"
source = { registry = "https://pypi.org/simple" }
dependencies = [
    { name = "python-utils" },
]
sdist = { url = "https://files.pythonhosted.org/packages/19/24/3587e795fc590611434e4bcb9fbe0c3dddb5754ce1a20edfd86c587c0004/progressbar2-4.5.0.tar.gz", hash = "sha256:6662cb624886ed31eb94daf61e27583b5144ebc7383a17bae076f8f4f59088fb", size = 101449, upload-time = "2024-08-28T22:50:12.391Z" }
wheels = [
    { url = "https://files.pythonhosted.org/packages/ee/94/448f037fb0ffd0e8a63b625cf9f5b13494b88d15573a987be8aaa735579d/progressbar2-4.5.0-py3-none-any.whl", hash = "sha256:625c94a54e63915b3959355e6d4aacd63a00219e5f3e2b12181b76867bf6f628", size = 57132, upload-time = "2024-08-28T22:50:10.264Z" },
]

[[package]]
name = "pyaes"
version = "1.6.1"
source = { registry = "https://pypi.org/simple" }
sdist = { url = "https://files.pythonhosted.org/packages/44/66/2c17bae31c906613795711fc78045c285048168919ace2220daa372c7d72/pyaes-1.6.1.tar.gz", hash = "sha256:02c1b1405c38d3c370b085fb952dd8bea3fadcee6411ad99f312cc129c536d8f", size = 28536, upload-time = "2017-09-20T21:17:54.23Z" }

[[package]]
name = "pyasn1"
version = "0.6.4"
source = { registry = "https://pypi.org/simple" }
sdist = { url = "https://files.pythonhosted.org/packages/a4/9a/23310166d960def5897e91fe20e5b724601b02a22e84ba1f94232c0b7f67/pyasn1-0.6.4.tar.gz", hash = "sha256:9c447d8431c947fe4c8febc4ed9e760bc29011a5b01e5c74b67025bd9fb8ce81", size = 151262, upload-time = "2026-07-09T01:12:33.988Z" }
wheels = [
    { url = "https://files.pythonhosted.org/packages/9a/3b/6163796d69c3977d1e4287bea4a6979161cbbdd170ebb430511e8e1999ce/pyasn1-0.6.4-py3-none-any.whl", hash = "sha256:deda9277cfd454080ec40b207fb6df82206a3a2688735233cdcd8d3d565f088b", size = 84410, upload-time = "2026-07-09T01:12:32.92Z" },
]

[[package]]
name = "pysocks"
version = "1.7.1"
source = { registry = "https://pypi.org/simple" }
sdist = { url = "https://files.pythonhosted.org/packages/bd/11/293dd436aea955d45fc4e8a35b6ae7270f5b8e00b53cf6c024c83b657a11/PySocks-1.7.1.tar.gz", hash = "sha256:3f8804571ebe159c380ac6de37643bb4685970655d3bba243530d6558b799aa0", size = 284429, upload-time = "2019-09-20T02:07:35.714Z" }
wheels = [
    { url = "https://files.pythonhosted.org/packages/8d/59/b4572118e098ac8e46e399a1dd0f2d85403ce8bbaad9ec79373ed6badaf9/PySocks-1.7.1-py3-none-any.whl", hash = "sha256:2725bd0a9925919b9b51739eea5f9e2bae91e83288108a9ad338b2e3a4435ee5", size = 16725, upload-time = "2019-09-20T02:06:22.938Z" },
]

[[package]]
name = "python-utils"
version = "4.0.0"
source = { registry = "https://pypi.org/simple" }
dependencies = [
    { name = "typing-extensions" },
]
sdist = { url = "https://files.pythonhosted.org/packages/2e/4f/ffd054f649cb9deca624a61d83fd17ce5b6247ba6c41a5881b0c639573d7/python_utils-4.0.0.tar.gz", hash = "sha256:51d84b297d9877205a76e65f970e3275d1aa9c1cf3d508af2c459247eb4fe701", size = 43027, upload-time = "2026-07-02T18:07:54.953Z" }
wheels = [
    { url = "https://files.pythonhosted.org/packages/c6/89/daba77b0167e3e03ead14cf0caa02193b6b9d402d03db93651ca9c9f1815/python_utils-4.0.0-py3-none-any.whl", hash = "sha256:96b969a878bbc147e69db60aac7c618ff97f7e5e03e9d78ade85d764af71faa5", size = 39928, upload-time = "2026-07-02T18:07:53.673Z" },
]

[[package]]
name = "rsa"
version = "4.9.1"
source = { registry = "https://pypi.org/simple" }
dependencies = [
    { name = "pyasn1" },
]
sdist = { url = "https://files.pythonhosted.org/packages/da/8a/22b7beea3ee0d44b1916c0c1cb0ee3af23b700b6da9f04991899d0c555d4/rsa-4.9.1.tar.gz", hash = "sha256:e7bdbfdb5497da4c07dfd35530e1a902659db6ff241e39d9953cad06ebd0ae75", size = 29034, upload-time = "2025-04-16T09:51:18.218Z" }
wheels = [
    { url = "https://files.pythonhosted.org/packages/64/8d/0133e4eb4beed9e425d9a98ed6e081a55d195481b7632472be1af08d2f6b/rsa-4.9.1-py3-none-any.whl", hash = "sha256:68635866661c6836b8d39430f97a996acbd61bfa49406748ea243539fe239762", size = 34696, upload-time = "2025-04-16T09:51:17.142Z" },
]

[[package]]
name = "telethon"
version = "1.44.0"
source = { registry = "https://pypi.org/simple" }
dependencies = [
    { name = "pyaes" },
    { name = "rsa" },
]
sdist = { url = "https://files.pythonhosted.org/packages/49/e2/d4137e598db0ba50e4cf9bf32f2e26d016b2c4bb0e9763e3d5a07007d780/telethon-1.44.0.tar.gz", hash = "sha256:7de1473e9e412e20bd57b102d8f50d48372712462be9ff6c003bb81c50ad7e98", size = 701463, upload-time = "2026-06-15T15:47:39.44Z" }
wheels = [
    { url = "https://files.pythonhosted.org/packages/82/fd/4ad621d7a4b8655dfc964ee1c1267407496ec6fd10c91901a64ea29c16c8/telethon-1.44.0-py3-none-any.whl", hash = "sha256:52fc49efb67a4916c2aedcb295ad286f4afa2aba9bf15d83ed2acdc64af0c718", size = 789786, upload-time = "2026-06-15T15:47:41.534Z" },
]

[[package]]
name = "tg-media-download"
version = "0.1.0"
source = { virtual = "." }
dependencies = [
    { name = "cryptg", version = "0.5.2", source = { registry = "https://pypi.org/simple" }, marker = "python_full_version < '3.11'" },
    { name = "cryptg", version = "0.6.0", source = { registry = "https://pypi.org/simple" }, marker = "python_full_version >= '3.11'" },
    { name = "progressbar2" },
    { name = "pysocks" },
    { name = "telethon" },
]

[package.metadata]
requires-dist = [
    { name = "cryptg", specifier = ">=0.4.0" },
    { name = "progressbar2", specifier = ">=4.3.0" },
    { name = "pysocks", specifier = ">=1.7.1" },
    { name = "telethon", specifier = ">=1.36.0" },
]

[[package]]
name = "typing-extensions"
version = "4.16.0"
source = { registry = "https://pypi.org/simple" }
sdist = { url = "https://files.pythonhosted.org/packages/f6/cc/6253133b5bb138fc3306cebfbda2c520f545d36b5be2c7255cc528bb45d6/typing_extensions-4.16.0.tar.gz", hash = "sha256:dc983d19a509c94dba722ee6abd33940f7c05a89e243c47e907eb4db6f1a43e5", size = 113555, upload-time = "2026-07-02T08:40:05.92Z" }
wheels = [
    { url = "https://files.pythonhosted.org/packages/49/d3/b8441a820a491ddfc024b0b0cf0393375b75ea13866d9c66727e54c2fc80/typing_extensions-4.16.0-py3-none-any.whl", hash = "sha256:481caa481374e813c1b176ada14e97f1f67a4539ce9cfeb3f350d78d6370c2e8", size = 45571, upload-time = "2026-07-02T08:40:04.659Z" },
]
